
Microsoft Visual Studio Solution File, Format Version 12.00
# Visual Studio 2013
VisualStudioVersion = 12.0.40629.0
MinimumVisualStudioVersion = 10.0.40219.1
Project("{FAE04EC0-301F-11D3-BF4B-00C04F79EFBC}") = "ChineseTeaShop", "ChineseTea3\ChineseTeaShop.csproj", "{9AE6F8B6-D812-45C2-9F62-D4DD3DEDA084}"
EndProject
Global
	GlobalSection(SolutionConfigurationPlatforms) = preSolution
		Debug|Any CPU = Debug|Any CPU
		Release|Any CPU = Release|Any CPU
	EndGlobalSection
	GlobalSection(ProjectConfigurationPlatforms) = postSolution
		{9AE6F8B6-D812-45C2-9F62-D4DD3DEDA084}.Debug|Any CPU.ActiveCfg = Debug|Any CPU
		{9AE6F8B6-D812-45C2-9F62-D4DD3DEDA084}.Debug|Any CPU.Build.0 = Debug|Any CPU
		{9AE6F8B6-D812-45C2-9F62-D4DD3DEDA084}.Release|Any CPU.ActiveCfg = Release|Any CPU
		{9AE6F8B6-D812-45C2-9F62-D4DD3DEDA084}.Release|Any CPU.Build.0 = Release|Any CPU
	EndGlobalSection
	GlobalSection(SolutionProperties) = preSolution
		HideSolutionNode = FALSE
	EndGlobalSection
EndGlobal
